
Microsoft Visual Studio Solution File, Format Version 12.00
# Visual Studio 15
VisualStudioVersion = 15.0.26430.14
MinimumVisualStudioVersion = 10.0.40219.1
Project("{FAE04EC0-301F-11D3-BF4B-00C04F79EFBC}") = "LSG_AIDC", "LSG_AIDC\LSG_AIDC.csproj", "{AC0524FA-F7DE-4494-AE53-162CB1CCDE2D}"
EndProject
Project("{FAE04EC0-301F-11D3-BF4B-00C04F79EFBC}") = "LSG_AIDC.DAL", "LSG_AIDC.DAL\LSG_AIDC.DAL.csproj", "{A890BD55-C9A8-4E5E-8B78-91B5AA1C1ED8}"
EndProject
Project("{FAE04EC0-301F-11D3-BF4B-00C04F79EFBC}") = "LSG_AIDC.BLL", "LSG_AIDC.BLL\LSG_AIDC.BLL.csproj", "{CAF2D8F7-5915-4E50-B557-024D04AD03DF}"
EndProject
Global
	GlobalSection(SolutionConfigurationPlatforms) = preSolution
		Debug|Any CPU = Debug|Any CPU
		Release|Any CPU = Release|Any CPU
	EndGlobalSection
	GlobalSection(ProjectConfigurationPlatforms) = postSolution
		{AC0524FA-F7DE-4494-AE53-162CB1CCDE2D}.Debug|Any CPU.ActiveCfg = Debug|Any CPU
		{AC0524FA-F7DE-4494-AE53-162CB1CCDE2D}.Debug|Any CPU.Build.0 = Debug|Any CPU
		{AC0524FA-F7DE-4494-AE53-162CB1CCDE2D}.Release|Any CPU.ActiveCfg = Release|Any CPU
		{AC0524FA-F7DE-4494-AE53-162CB1CCDE2D}.Release|Any CPU.Build.0 = Release|Any CPU
		{A890BD55-C9A8-4E5E-8B78-91B5AA1C1ED8}.Debug|Any CPU.ActiveCfg = Debug|Any CPU
		{A890BD55-C9A8-4E5E-8B78-91B5AA1C1ED8}.Debug|Any CPU.Build.0 = Debug|Any CPU
		{A890BD55-C9A8-4E5E-8B78-91B5AA1C1ED8}.Release|Any CPU.ActiveCfg = Release|Any CPU
		{A890BD55-C9A8-4E5E-8B78-91B5AA1C1ED8}.Release|Any CPU.Build.0 = Release|Any CPU
		{CAF2D8F7-5915-4E50-B557-024D04AD03DF}.Debug|Any CPU.ActiveCfg = Debug|Any CPU
		{CAF2D8F7-5915-4E50-B557-024D04AD03DF}.Debug|Any CPU.Build.0 = Debug|Any CPU
		{CAF2D8F7-5915-4E50-B557-024D04AD03DF}.Release|Any CPU.ActiveCfg = Release|Any CPU
		{CAF2D8F7-5915-4E50-B557-024D04AD03DF}.Release|Any CPU.Build.0 = Release|Any CPU
	EndGlobalSection
	GlobalSection(SolutionProperties) = preSolution
		HideSolutionNode = FALSE
	EndGlobalSection
EndGlobal
