
Microsoft Visual Studio Solution File, Format Version 12.00
# Visual Studio 14
VisualStudioVersion = 14.0.25420.1
MinimumVisualStudioVersion = 10.0.40219.1
Project("{FAE04EC0-301F-11D3-BF4B-00C04F79EFBC}") = "ClientUI", "ClientUI\ClientUI.csproj", "{4B6D7DA1-2418-4396-810E-76C014029A08}"
EndProject
Project("{A07B5EB6-E848-4116-A8D0-A826331D98C6}") = "Client", "Client\Client.sfproj", "{479B3F90-9B95-43BC-8430-C1206454358C}"
EndProject
Project("{FAE04EC0-301F-11D3-BF4B-00C04F79EFBC}") = "ClientApi", "ClientApi\ClientApi.csproj", "{E5F6D0AF-D5B4-452E-89DA-A1EC85D2B4A2}"
EndProject
Project("{FAE04EC0-301F-11D3-BF4B-00C04F79EFBC}") = "ClientModels", "ClientModels\ClientModels.csproj", "{B569DDEB-3359-4A0C-BAA5-7C4B5DF00550}"
EndProject
Project("{FAE04EC0-301F-11D3-BF4B-00C04F79EFBC}") = "ClientCommon", "ClientCommon\ClientCommon.csproj", "{28EC7515-B351-4FC3-9C48-8FA17DBB752F}"
EndProject
Project("{FAE04EC0-301F-11D3-BF4B-00C04F79EFBC}") = "ServiceAgents", "ServiceAgents\ServiceAgents.csproj", "{E293ADB4-CAAA-47BF-AB54-D9650F771675}"
EndProject
Project("{FAE04EC0-301F-11D3-BF4B-00C04F79EFBC}") = "ServiceModels", "CoreServiceModels\ServiceModels.csproj", "{A2A7CD11-BBF3-4B04-B577-B9CB4C80A8BF}"
EndProject
Project("{FAE04EC0-301F-11D3-BF4B-00C04F79EFBC}") = "ServiceAgentsFacade", "ServiceAgentsFacade\ServiceAgentsFacade.csproj", "{AEF13B91-1E5C-4804-A280-324B41CFDF68}"
EndProject
Project("{FAE04EC0-301F-11D3-BF4B-00C04F79EFBC}") = "ServiceAgents.Tests", "ServiceAgents.Tests\ServiceAgents.Tests.csproj", "{B5D3CBC2-D880-4CD7-9F91-AED930C1E92B}"
EndProject
Global
	GlobalSection(SolutionConfigurationPlatforms) = preSolution
		Debug|Any CPU = Debug|Any CPU
		Debug|x64 = Debug|x64
		Release|Any CPU = Release|Any CPU
		Release|x64 = Release|x64
	EndGlobalSection
	GlobalSection(ProjectConfigurationPlatforms) = postSolution
		{4B6D7DA1-2418-4396-810E-76C014029A08}.Debug|Any CPU.ActiveCfg = Debug|x64
		{4B6D7DA1-2418-4396-810E-76C014029A08}.Debug|x64.ActiveCfg = Debug|x64
		{4B6D7DA1-2418-4396-810E-76C014029A08}.Debug|x64.Build.0 = Debug|x64
		{4B6D7DA1-2418-4396-810E-76C014029A08}.Release|Any CPU.ActiveCfg = Release|x64
		{4B6D7DA1-2418-4396-810E-76C014029A08}.Release|x64.ActiveCfg = Release|x64
		{4B6D7DA1-2418-4396-810E-76C014029A08}.Release|x64.Build.0 = Release|x64
		{479B3F90-9B95-43BC-8430-C1206454358C}.Debug|Any CPU.ActiveCfg = Debug|x64
		{479B3F90-9B95-43BC-8430-C1206454358C}.Debug|x64.ActiveCfg = Debug|x64
		{479B3F90-9B95-43BC-8430-C1206454358C}.Debug|x64.Build.0 = Debug|x64
		{479B3F90-9B95-43BC-8430-C1206454358C}.Debug|x64.Deploy.0 = Debug|x64
		{479B3F90-9B95-43BC-8430-C1206454358C}.Release|Any CPU.ActiveCfg = Release|x64
		{479B3F90-9B95-43BC-8430-C1206454358C}.Release|x64.ActiveCfg = Release|x64
		{479B3F90-9B95-43BC-8430-C1206454358C}.Release|x64.Build.0 = Release|x64
		{479B3F90-9B95-43BC-8430-C1206454358C}.Release|x64.Deploy.0 = Release|x64
		{E5F6D0AF-D5B4-452E-89DA-A1EC85D2B4A2}.Debug|Any CPU.ActiveCfg = Debug|x64
		{E5F6D0AF-D5B4-452E-89DA-A1EC85D2B4A2}.Debug|x64.ActiveCfg = Debug|x64
		{E5F6D0AF-D5B4-452E-89DA-A1EC85D2B4A2}.Debug|x64.Build.0 = Debug|x64
		{E5F6D0AF-D5B4-452E-89DA-A1EC85D2B4A2}.Release|Any CPU.ActiveCfg = Release|x64
		{E5F6D0AF-D5B4-452E-89DA-A1EC85D2B4A2}.Release|x64.ActiveCfg = Release|x64
		{E5F6D0AF-D5B4-452E-89DA-A1EC85D2B4A2}.Release|x64.Build.0 = Release|x64
		{B569DDEB-3359-4A0C-BAA5-7C4B5DF00550}.Debug|Any CPU.ActiveCfg = Debug|Any CPU
		{B569DDEB-3359-4A0C-BAA5-7C4B5DF00550}.Debug|Any CPU.Build.0 = Debug|Any CPU
		{B569DDEB-3359-4A0C-BAA5-7C4B5DF00550}.Debug|x64.ActiveCfg = Debug|x64
		{B569DDEB-3359-4A0C-BAA5-7C4B5DF00550}.Debug|x64.Build.0 = Debug|x64
		{B569DDEB-3359-4A0C-BAA5-7C4B5DF00550}.Release|Any CPU.ActiveCfg = Release|Any CPU
		{B569DDEB-3359-4A0C-BAA5-7C4B5DF00550}.Release|Any CPU.Build.0 = Release|Any CPU
		{B569DDEB-3359-4A0C-BAA5-7C4B5DF00550}.Release|x64.ActiveCfg = Release|x64
		{B569DDEB-3359-4A0C-BAA5-7C4B5DF00550}.Release|x64.Build.0 = Release|x64
		{28EC7515-B351-4FC3-9C48-8FA17DBB752F}.Debug|Any CPU.ActiveCfg = Debug|x64
		{28EC7515-B351-4FC3-9C48-8FA17DBB752F}.Debug|Any CPU.Build.0 = Debug|x64
		{28EC7515-B351-4FC3-9C48-8FA17DBB752F}.Debug|x64.ActiveCfg = Debug|x64
		{28EC7515-B351-4FC3-9C48-8FA17DBB752F}.Debug|x64.Build.0 = Debug|x64
		{28EC7515-B351-4FC3-9C48-8FA17DBB752F}.Release|Any CPU.ActiveCfg = Release|Any CPU
		{28EC7515-B351-4FC3-9C48-8FA17DBB752F}.Release|Any CPU.Build.0 = Release|Any CPU
		{28EC7515-B351-4FC3-9C48-8FA17DBB752F}.Release|x64.ActiveCfg = Release|x64
		{28EC7515-B351-4FC3-9C48-8FA17DBB752F}.Release|x64.Build.0 = Release|x64
		{E293ADB4-CAAA-47BF-AB54-D9650F771675}.Debug|Any CPU.ActiveCfg = Debug|Any CPU
		{E293ADB4-CAAA-47BF-AB54-D9650F771675}.Debug|Any CPU.Build.0 = Debug|Any CPU
		{E293ADB4-CAAA-47BF-AB54-D9650F771675}.Debug|x64.ActiveCfg = Debug|x64
		{E293ADB4-CAAA-47BF-AB54-D9650F771675}.Debug|x64.Build.0 = Debug|x64
		{E293ADB4-CAAA-47BF-AB54-D9650F771675}.Release|Any CPU.ActiveCfg = Release|Any CPU
		{E293ADB4-CAAA-47BF-AB54-D9650F771675}.Release|Any CPU.Build.0 = Release|Any CPU
		{E293ADB4-CAAA-47BF-AB54-D9650F771675}.Release|x64.ActiveCfg = Release|x64
		{E293ADB4-CAAA-47BF-AB54-D9650F771675}.Release|x64.Build.0 = Release|x64
		{A2A7CD11-BBF3-4B04-B577-B9CB4C80A8BF}.Debug|Any CPU.ActiveCfg = Debug|x64
		{A2A7CD11-BBF3-4B04-B577-B9CB4C80A8BF}.Debug|x64.ActiveCfg = Debug|x64
		{A2A7CD11-BBF3-4B04-B577-B9CB4C80A8BF}.Debug|x64.Build.0 = Debug|x64
		{A2A7CD11-BBF3-4B04-B577-B9CB4C80A8BF}.Release|Any CPU.ActiveCfg = Release|x64
		{A2A7CD11-BBF3-4B04-B577-B9CB4C80A8BF}.Release|x64.ActiveCfg = Release|x64
		{A2A7CD11-BBF3-4B04-B577-B9CB4C80A8BF}.Release|x64.Build.0 = Release|x64
		{AEF13B91-1E5C-4804-A280-324B41CFDF68}.Debug|Any CPU.ActiveCfg = Debug|x64
		{AEF13B91-1E5C-4804-A280-324B41CFDF68}.Debug|x64.ActiveCfg = Debug|x64
		{AEF13B91-1E5C-4804-A280-324B41CFDF68}.Debug|x64.Build.0 = Debug|x64
		{AEF13B91-1E5C-4804-A280-324B41CFDF68}.Release|Any CPU.ActiveCfg = Release|x64
		{AEF13B91-1E5C-4804-A280-324B41CFDF68}.Release|x64.ActiveCfg = Release|x64
		{AEF13B91-1E5C-4804-A280-324B41CFDF68}.Release|x64.Build.0 = Release|x64
		{B5D3CBC2-D880-4CD7-9F91-AED930C1E92B}.Debug|Any CPU.ActiveCfg = Debug|Any CPU
		{B5D3CBC2-D880-4CD7-9F91-AED930C1E92B}.Debug|Any CPU.Build.0 = Debug|Any CPU
		{B5D3CBC2-D880-4CD7-9F91-AED930C1E92B}.Debug|x64.ActiveCfg = Debug|Any CPU
		{B5D3CBC2-D880-4CD7-9F91-AED930C1E92B}.Debug|x64.Build.0 = Debug|Any CPU
		{B5D3CBC2-D880-4CD7-9F91-AED930C1E92B}.Release|Any CPU.ActiveCfg = Release|Any CPU
		{B5D3CBC2-D880-4CD7-9F91-AED930C1E92B}.Release|Any CPU.Build.0 = Release|Any CPU
		{B5D3CBC2-D880-4CD7-9F91-AED930C1E92B}.Release|x64.ActiveCfg = Release|Any CPU
		{B5D3CBC2-D880-4CD7-9F91-AED930C1E92B}.Release|x64.Build.0 = Release|Any CPU
	EndGlobalSection
	GlobalSection(SolutionProperties) = preSolution
		HideSolutionNode = FALSE
	EndGlobalSection
EndGlobal
